{
  "nodes": {
    "audio": {
      "inputs": {
        "nixpkgs": "nixpkgs"
      },
      "locked": {
        "lastModified": 1651713439,
        "narHash": "sha256-zvLQoY8AVwkqugGVWrifxx+GGtaiskXsqMG5qde9/hc=",
        "owner": "polygon",
        "repo": "audio.nix",
        "rev": "7182a3da3dc49f3b371cd6837930b9e167d02bcf",
        "type": "github"
      },
      "original": {
        "owner": "polygon",
        "repo": "audio.nix",
        "type": "github"
      }
    },
    "aww": {
      "flake": false,
      "locked": {
        "lastModified": 1650483798,
        "narHash": "sha256-xf6IxAXNq2FE3iZWQgQKqv7LdPhfqcNjbafnMNhYEkw=",
        "owner": "polygon",
        "repo": "awesome-wm-widgets",
        "rev": "dac1dd161b5c12f68295ca512707d237d361bdd7",
        "type": "github"
      },
      "original": {
        "owner": "polygon",
        "ref": "poly",
        "repo": "awesome-wm-widgets",
        "type": "github"
      }
    },
    "flake-utils": {
      "locked": {
        "lastModified": 1644229661,
        "narHash": "sha256-1YdnJAsNy69bpcjuoKdOYQX0YxZBiCYZo4Twxerqv7k=",
        "owner": "numtide",
        "repo": "flake-utils",
        "rev": "3cecb5b042f7f209c56ffd8371b2711a290ec797",
        "type": "github"
      },
      "original": {
        "owner": "numtide",
        "repo": "flake-utils",
        "type": "github"
      }
    },
    "flake-utils_2": {
      "locked": {
        "lastModified": 1653893745,
        "narHash": "sha256-0jntwV3Z8//YwuOjzhV2sgJJPt+HY6KhU7VZUL0fKZQ=",
        "owner": "numtide",
        "repo": "flake-utils",
        "rev": "1ed9fb1935d260de5fe1c2f7ee0ebaae17ed2fa1",
        "type": "github"
      },
      "original": {
        "owner": "numtide",
        "repo": "flake-utils",
        "type": "github"
      }
    },
    "fup": {
      "inputs": {
        "flake-utils": "flake-utils"
      },
      "locked": {
        "lastModified": 1657226504,
        "narHash": "sha256-GIYNjuq4mJlFgqKsZ+YrgzWm0IpA4axA3MCrdKYj7gs=",
        "owner": "gytis-ivaskevicius",
        "repo": "flake-utils-plus",
        "rev": "2bf0f91643c2e5ae38c1b26893ac2927ac9bd82a",
        "type": "github"
      },
      "original": {
        "owner": "gytis-ivaskevicius",
        "repo": "flake-utils-plus",
        "type": "github"
      }
    },
    "home-manager": {
      "inputs": {
        "nixpkgs": [
          "nixpkgs"
        ],
        "utils": "utils"
      },
      "locked": {
        "lastModified": 1672244468,
        "narHash": "sha256-xaZb8AZqoXRCSqPusCk4ouf+fUNP8UJdafmMTF1Ltlw=",
        "owner": "nix-community",
        "repo": "home-manager",
        "rev": "89a8ba0b5b43b3350ff2e3ef37b66736b2ef8706",
        "type": "github"
      },
      "original": {
        "owner": "nix-community",
        "ref": "release-22.11",
        "repo": "home-manager",
        "type": "github"
      }
    },
    "microvm": {
      "inputs": {
        "flake-utils": "flake-utils_2",
        "nixpkgs": [
          "nixpkgs"
        ]
      },
      "locked": {
        "lastModified": 1655821972,
        "narHash": "sha256-vkfMCaxefvVFXitvcb9cTtG4uTQC3fLWhqApYndkKIw=",
        "owner": "astro",
        "repo": "microvm.nix",
        "rev": "b9e573da877bd0ac280eeb4c2b1f50241a6c67ef",
        "type": "github"
      },
      "original": {
        "owner": "astro",
        "ref": "v0.2.2",
        "repo": "microvm.nix",
        "type": "github"
      }
    },
    "mqtt2psql": {
      "inputs": {
        "nixpkgs": [
          "nixpkgs"
        ]
      },
      "locked": {
        "lastModified": 1657464366,
        "narHash": "sha256-MIXD8sKDAobgHtCnD6AOJfTEqgdrvRonepFuBg2mDeQ=",
        "owner": "polygon",
        "repo": "mqtt2psql",
        "rev": "c686fbc7869544c1d9dd31b8f0bc42234542a3f8",
        "type": "github"
      },
      "original": {
        "owner": "polygon",
        "repo": "mqtt2psql",
        "type": "github"
      }
    },
    "nix-index-db": {
      "inputs": {
        "nixpkgs": "nixpkgs_2"
      },
      "locked": {
        "lastModified": 1673752441,
        "narHash": "sha256-/g4ImZWV05CrXRWTSJsda6ztIp7LAPxs2L6RCrbQ66U=",
        "owner": "Mic92",
        "repo": "nix-index-database",
        "rev": "391180f77505c1c8cdd45fe1a59dc89d3e40300a",
        "type": "github"
      },
      "original": {
        "owner": "Mic92",
        "repo": "nix-index-database",
        "type": "github"
      }
    },
    "nixpkgs": {
      "locked": {
        "lastModified": 1639442420,
        "narHash": "sha256-GL4Q5gDXDHxLPZD1Rg8kk6M6S+NqxDjTu0XqGF/Xhuc=",
        "owner": "NixOS",
        "repo": "nixpkgs",
        "rev": "69958994ab2c4c41f82db658ae6333b91079bcf6",
        "type": "github"
      },
      "original": {
        "owner": "NixOS",
        "repo": "nixpkgs",
        "type": "github"
      }
    },
    "nixpkgs-stable": {
      "locked": {
        "lastModified": 1673740915,
        "narHash": "sha256-MMH8zONfqahgHly3K8/A++X34800rajA/XgZ2DzNL/M=",
        "owner": "NixOS",
        "repo": "nixpkgs",
        "rev": "7c65528c3f8462b902e09d1ccca23bb9034665c2",
        "type": "github"
      },
      "original": {
        "owner": "NixOS",
        "ref": "release-22.11",
        "repo": "nixpkgs",
        "type": "github"
      }
    },
    "nixpkgs_2": {
      "locked": {
        "lastModified": 1673364622,
        "narHash": "sha256-5zQ0hJG86SwkXJSitggNxNL+ieBhsq8HKMC7EWuXyK4=",
        "owner": "nixos",
        "repo": "nixpkgs",
        "rev": "03aec194125de1fd6f486d323cee872bb4be88cc",
        "type": "github"
      },
      "original": {
        "owner": "nixos",
        "ref": "master",
        "repo": "nixpkgs",
        "type": "github"
      }
    },
    "nixpkgs_3": {
      "locked": {
        "lastModified": 1674242456,
        "narHash": "sha256-yBy7rCH7EiBe9+CHZm9YB5ii5GRa+MOxeW0oDEBO8SE=",
        "owner": "NixOS",
        "repo": "nixpkgs",
        "rev": "cdead16a444a3e5de7bc9b0af8e198b11bb01804",
        "type": "github"
      },
      "original": {
        "owner": "NixOS",
        "ref": "nixos-22.11",
        "repo": "nixpkgs",
        "type": "github"
      }
    },
    "root": {
      "inputs": {
        "audio": "audio",
        "aww": "aww",
        "fup": "fup",
        "home-manager": "home-manager",
        "microvm": "microvm",
        "mqtt2psql": "mqtt2psql",
        "nix-index-db": "nix-index-db",
        "nixpkgs": "nixpkgs_3",
        "scalpel": "scalpel",
        "secrets": "secrets",
        "sops-nix": "sops-nix",
        "unstable": "unstable"
      }
    },
    "scalpel": {
      "inputs": {
        "nixpkgs": [
          "nixpkgs"
        ],
        "sops-nix": [
          "sops-nix"
        ]
      },
      "locked": {
        "lastModified": 1655566736,
        "narHash": "sha256-Vyolf8j7QcAHyVTQMqS8EGYZ/P6leJtiVNhYyIxoMRw=",
        "owner": "polygon",
        "repo": "scalpel",
        "rev": "16c2103d613bb1c7adc6dbf2a17c2980ce08567f",
        "type": "github"
      },
      "original": {
        "owner": "polygon",
        "repo": "scalpel",
        "type": "github"
      }
    },
    "secrets": {
      "locked": {
        "lastModified": 1657740081,
        "narHash": "sha256-KZsbWQ6IFHqa20nDLXvXLwOcoFLZFZkArKVtsWGpxDo=",
        "ref": "refs/heads/main",
        "rev": "f04f1dea419f22a1c23e3e68a611b97a7ae2ab30",
        "revCount": 12,
        "type": "git",
        "url": "ssh://git@github.com/polygon/secrets.git"
      },
      "original": {
        "type": "git",
        "url": "ssh://git@github.com/polygon/secrets.git"
      }
    },
    "sops-nix": {
      "inputs": {
        "nixpkgs": [
          "nixpkgs"
        ],
        "nixpkgs-stable": "nixpkgs-stable"
      },
      "locked": {
        "lastModified": 1673752321,
        "narHash": "sha256-EFfXY1ZHJq4FNaNQA9x0djtu/jiOhBbT0Xi+BT06cJw=",
        "owner": "Mic92",
        "repo": "sops-nix",
        "rev": "e18eefd2b133a58309475298052c341c08470717",
        "type": "github"
      },
      "original": {
        "owner": "Mic92",
        "repo": "sops-nix",
        "type": "github"
      }
    },
    "unstable": {
      "locked": {
        "lastModified": 1674120619,
        "narHash": "sha256-xLT1FQl7/jNPOEq5q/vmc3AExt1V9LtcjM+QY2+MUpA=",
        "owner": "NixOS",
        "repo": "nixpkgs",
        "rev": "d7705c01ef0a39c8ef532d1033bace8845a07d35",
        "type": "github"
      },
      "original": {
        "owner": "NixOS",
        "ref": "nixos-unstable",
        "repo": "nixpkgs",
        "type": "github"
      }
    },
    "utils": {
      "locked": {
        "lastModified": 1667395993,
        "narHash": "sha256-nuEHfE/LcWyuSWnS8t12N1wc105Qtau+/OdUAjtQ0rA=",
        "owner": "numtide",
        "repo": "flake-utils",
        "rev": "5aed5285a952e0b949eb3ba02c12fa4fcfef535f",
        "type": "github"
      },
      "original": {
        "owner": "numtide",
        "repo": "flake-utils",
        "type": "github"
      }
    }
  },
  "root": "root",
  "version": 7
}
