{
  "nodes": {
    "audio": {
      "inputs": {
        "nixpkgs": "nixpkgs"
      },
      "locked": {
        "narHash": "sha256-2uTsubEOknKBnE3lli3aePeLRnv4AxZ3rbx0CNWoG80=",
        "path": "/home/jan/Projects/audio.nix",
        "type": "path"
      },
      "original": {
        "path": "/home/jan/Projects/audio.nix",
        "type": "path"
      }
    },
    "aww": {
      "flake": false,
      "locked": {
        "lastModified": 1638913325,
        "narHash": "sha256-+Qf+X8/EyLNtV7eYYRKiiPJRUOSqHNxVufGqOj+PTLk=",
        "owner": "polygon",
        "repo": "awesome-wm-widgets",
        "rev": "b2531f7b65a7c1c761a22197aee6ab4b1e645b7f",
        "type": "github"
      },
      "original": {
        "owner": "polygon",
        "ref": "poly",
        "repo": "awesome-wm-widgets",
        "type": "github"
      }
    },
    "flake-utils": {
      "locked": {
        "lastModified": 1644229661,
        "narHash": "sha256-1YdnJAsNy69bpcjuoKdOYQX0YxZBiCYZo4Twxerqv7k=",
        "owner": "numtide",
        "repo": "flake-utils",
        "rev": "3cecb5b042f7f209c56ffd8371b2711a290ec797",
        "type": "github"
      },
      "original": {
        "owner": "numtide",
        "repo": "flake-utils",
        "type": "github"
      }
    },
    "fup": {
      "inputs": {
        "flake-utils": "flake-utils"
      },
      "locked": {
        "lastModified": 1647259887,
        "narHash": "sha256-yEkMbEHVO9qydluQ3uHGWX1PkfZhgDKxnd1rhZYZ72w=",
        "owner": "gytis-ivaskevicius",
        "repo": "flake-utils-plus",
        "rev": "06dba5f3b4fa2cc0bfc98ce9cd6f9a4d8db11d46",
        "type": "github"
      },
      "original": {
        "owner": "gytis-ivaskevicius",
        "repo": "flake-utils-plus",
        "type": "github"
      }
    },
    "home-manager": {
      "inputs": {
        "nixpkgs": [
          "nixpkgs"
        ]
      },
      "locked": {
        "lastModified": 1648834319,
        "narHash": "sha256-i5Aj4Aw64D/A0X6XW5LxSS4XBnYj7gMz+kN4dpsbdk8=",
        "owner": "nix-community",
        "repo": "home-manager",
        "rev": "0bdbdea2e26c984b096f4f7d10e3c88536a980b0",
        "type": "github"
      },
      "original": {
        "owner": "nix-community",
        "ref": "release-21.11",
        "repo": "home-manager",
        "type": "github"
      }
    },
    "nixpkgs": {
      "locked": {
        "lastModified": 1639442420,
        "narHash": "sha256-GL4Q5gDXDHxLPZD1Rg8kk6M6S+NqxDjTu0XqGF/Xhuc=",
        "owner": "NixOS",
        "repo": "nixpkgs",
        "rev": "69958994ab2c4c41f82db658ae6333b91079bcf6",
        "type": "github"
      },
      "original": {
        "owner": "NixOS",
        "repo": "nixpkgs",
        "type": "github"
      }
    },
    "nixpkgs_2": {
      "locked": {
        "lastModified": 1649313840,
        "narHash": "sha256-d23rAnhL08BCc88PxWAhEs/D+Kz3fMW2OTGDXWZSFMI=",
        "owner": "NixOS",
        "repo": "nixpkgs",
        "rev": "e387bb3a4d0d63446086abbfbe2117e80fe3522a",
        "type": "github"
      },
      "original": {
        "owner": "NixOS",
        "ref": "nixos-21.11",
        "repo": "nixpkgs",
        "type": "github"
      }
    },
    "root": {
      "inputs": {
        "audio": "audio",
        "aww": "aww",
        "fup": "fup",
        "home-manager": "home-manager",
        "nixpkgs": "nixpkgs_2",
        "unstable": "unstable"
      }
    },
    "unstable": {
      "locked": {
        "lastModified": 1648219316,
        "narHash": "sha256-Ctij+dOi0ZZIfX5eMhgwugfvB+WZSrvVNAyAuANOsnQ=",
        "owner": "NixOS",
        "repo": "nixpkgs",
        "rev": "30d3d79b7d3607d56546dd2a6b49e156ba0ec634",
        "type": "github"
      },
      "original": {
        "owner": "NixOS",
        "ref": "nixpkgs-unstable",
        "repo": "nixpkgs",
        "type": "github"
      }
    }
  },
  "root": "root",
  "version": 7
}
